[[package]]
category = "main"
description = "Fuzzy string matching in python"
name = "fuzzywuzzy"
optional = false
python-versions = "*"
version = "0.18.0"

[package.extras]
speedup = ["python-levenshtein (>=0.12)"]

[[package]]
category = "main"
description = "Read metadata from Python packages"
marker = "python_version < \"3.8\""
name = "importlib-metadata"
optional = false
python-versions = "!=3.0.*,!=3.1.*,!=3.2.*,!=3.3.*,!=3.4.*,>=2.7"
version = "1.6.0"

[package.dependencies]
zipp = ">=0.5"

[package.extras]
docs = ["sphinx", "rst.linker"]
testing = ["packaging", "importlib-resources"]

[[package]]
category = "main"
description = "An autocompletion tool for Python that can be used for text editors."
name = "jedi"
optional = false
python-versions = ">=2.7, !=3.0.*, !=3.1.*, !=3.2.*, !=3.3.*"
version = "0.15.2"

[package.dependencies]
parso = ">=0.5.2"

[package.extras]
testing = ["colorama (0.4.1)", "docopt", "pytest (>=3.9.0,<5.0.0)"]

[[package]]
category = "main"
description = "A Python Parser"
name = "parso"
optional = false
python-versions = ">=2.7, !=3.0.*, !=3.1.*, !=3.2.*, !=3.3.*"
version = "0.6.2"

[package.extras]
testing = ["docopt", "pytest (>=3.0.7)"]

[[package]]
category = "main"
description = "plugin and hook calling mechanisms for python"
name = "pluggy"
optional = false
python-versions = ">=2.7, !=3.0.*, !=3.1.*, !=3.2.*, !=3.3.*"
version = "0.13.1"

[package.dependencies]
[package.dependencies.importlib-metadata]
python = "<3.8"
version = ">=0.12"

[package.extras]
dev = ["pre-commit", "tox"]

[[package]]
category = "main"
description = "passive checker of Python programs"
name = "pyflakes"
optional = false
python-versions = ">=2.7, !=3.0.*, !=3.1.*, !=3.2.*, !=3.3.*"
version = "2.1.1"

[[package]]
category = "main"
description = "JSON RPC 2.0 server library"
name = "python-jsonrpc-server"
optional = false
python-versions = "*"
version = "0.3.4"

[package.dependencies]
ujson = "<=1.35"

[package.extras]
test = ["versioneer", "pylint", "pycodestyle", "pyflakes", "pytest", "mock", "pytest-cov", "coverage"]

[[package]]
category = "main"
description = "Python Language Server for the Language Server Protocol"
develop = true
name = "python-language-server"
optional = false
python-versions = "*"
version = "0+untagged.218.g6cd3c00"

[package.dependencies]
fuzzywuzzy = "*"
jedi = ">=0.14.1,<0.16"
pluggy = "*"
python-jsonrpc-server = ">=0.3.2"
ujson = "<=1.35"

[package.extras]
all = ["autopep8", "flake8", "mccabe", "pycodestyle", "pydocstyle (>=2.0.0)", "pyflakes (>=1.6.0)", "pylint", "rope (>=0.10.5)", "yapf"]
autopep8 = ["autopep8"]
flake8 = ["flake8"]
mccabe = ["mccabe"]
pycodestyle = ["pycodestyle"]
pydocstyle = ["pydocstyle (>=2.0.0)"]
pyflakes = ["pyflakes (>=1.6.0)"]
pylint = ["pylint"]
rope = ["rope (>0.10.5)"]
test = ["versioneer", "pylint", "pytest", "mock", "pytest-cov", "coverage", "numpy", "pandas", "matplotlib", "pyqt5"]
yapf = ["yapf"]

[package.source]
reference = ""
type = "directory"
url = "python-language-server"

[[package]]
category = "main"
description = "Ultra fast JSON encoder and decoder for Python"
marker = "platform_system != \"Windows\""
name = "ujson"
optional = false
python-versions = "*"
version = "1.35"

[[package]]
category = "main"
description = "Backport of pathlib-compatible object wrapper for zip files"
marker = "python_version < \"3.8\""
name = "zipp"
optional = false
python-versions = ">=3.6"
version = "3.1.0"

[package.extras]
docs = ["sphinx", "jaraco.packaging (>=3.2)", "rst.linker (>=1.9)"]
testing = ["jaraco.itertools", "func-timeout"]

[metadata]
content-hash = "70a71750239942dea720aeaa802d6d867c74e386a3fefbb6ad1c4b4ed7913535"
python-versions = "^3.7"

[metadata.files]
fuzzywuzzy = [
    {file = "fuzzywuzzy-0.18.0-py2.py3-none-any.whl", hash = "sha256:928244b28db720d1e0ee7587acf660ea49d7e4c632569cad4f1cd7e68a5f0993"},
    {file = "fuzzywuzzy-0.18.0.tar.gz", hash = "sha256:45016e92264780e58972dca1b3d939ac864b78437422beecebb3095f8efd00e8"},
]
importlib-metadata = [
    {file = "importlib_metadata-1.6.0-py2.py3-none-any.whl", hash = "sha256:2a688cbaa90e0cc587f1df48bdc97a6eadccdcd9c35fb3f976a09e3b5016d90f"},
    {file = "importlib_metadata-1.6.0.tar.gz", hash = "sha256:34513a8a0c4962bc66d35b359558fd8a5e10cd472d37aec5f66858addef32c1e"},
]
jedi = [
    {file = "jedi-0.15.2-py2.py3-none-any.whl", hash = "sha256:1349c1e8c107095a55386628bb3b2a79422f3a2cab8381e34ce19909e0cf5064"},
    {file = "jedi-0.15.2.tar.gz", hash = "sha256:e909527104a903606dd63bea6e8e888833f0ef087057829b89a18364a856f807"},
]
parso = [
    {file = "parso-0.6.2-py2.py3-none-any.whl", hash = "sha256:8515fc12cfca6ee3aa59138741fc5624d62340c97e401c74875769948d4f2995"},
    {file = "parso-0.6.2.tar.gz", hash = "sha256:0c5659e0c6eba20636f99a04f469798dca8da279645ce5c387315b2c23912157"},
]
pluggy = [
    {file = "pluggy-0.13.1-py2.py3-none-any.whl", hash = "sha256:966c145cd83c96502c3c3868f50408687b38434af77734af1e9ca461a4081d2d"},
    {file = "pluggy-0.13.1.tar.gz", hash = "sha256:15b2acde666561e1298d71b523007ed7364de07029219b604cf808bfa1c765b0"},
]
pyflakes = [
    {file = "pyflakes-2.1.1-py2.py3-none-any.whl", hash = "sha256:17dbeb2e3f4d772725c777fabc446d5634d1038f234e77343108ce445ea69ce0"},
    {file = "pyflakes-2.1.1.tar.gz", hash = "sha256:d976835886f8c5b31d47970ed689944a0262b5f3afa00a5a7b4dc81e5449f8a2"},
]
python-jsonrpc-server = [
    {file = "python-jsonrpc-server-0.3.4.tar.gz", hash = "sha256:c73bf5495c9dd4d2f902755bedeb6da5afe778e0beee82f0e195c4655352fe37"},
    {file = "python_jsonrpc_server-0.3.4-py3-none-any.whl", hash = "sha256:1f85f75f37f923149cc0aa078474b6df55b708e82ed819ca8846a65d7d0ada7f"},
]
python-language-server = []
ujson = [
    {file = "ujson-1.35.tar.gz", hash = "sha256:f66073e5506e91d204ab0c614a148d5aa938bdbf104751be66f8ad7a222f5f86"},
]
zipp = [
    {file = "zipp-3.1.0-py3-none-any.whl", hash = "sha256:aa36550ff0c0b7ef7fa639055d797116ee891440eac1a56f378e2d3179e0320b"},
    {file = "zipp-3.1.0.tar.gz", hash = "sha256:c599e4d75c98f6798c509911d08a22e6c021d074469042177c8c86fb92eefd96"},
]
